// !$*UTF8*$!
{
	archiveVersion = 1;
	classes = {
	};
	objectVersion = 50;
	objects = {

/* Begin PBXBuildFile section */
		4A40FEAD26724A5600631543 /* QuickMenu.swift in Sources */ = {isa = PBXBuildFile; fileRef = 4A40FEAC26724A5600631543 /* QuickMenu.swift */; };
		4AFD129C266BDE970030D928 /* PizzaPalaceApp.swift in Sources */ = {isa = PBXBuildFile; fileRef = 4AFD129B266BDE970030D928 /* PizzaPalaceApp.swift */; };
		4AFD129E266BDE970030D928 /* Login.swift in Sources */ = {isa = PBXBuildFile; fileRef = 4AFD129D266BDE970030D928 /* Login.swift */; };
		4AFD12A0266BDE990030D928 /* Assets.xcassets in Resources */ = {isa = PBXBuildFile; fileRef = 4AFD129F266BDE990030D928 /* Assets.xcassets */; };
		4AFD12A3266BDE990030D928 /* Preview Assets.xcassets in Resources */ = {isa = PBXBuildFile; fileRef = 4AFD12A2266BDE990030D928 /* Preview Assets.xcassets */; };
		4AFD12A5266BDE990030D928 /* Persistence.swift in Sources */ = {isa = PBXBuildFile; fileRef = 4AFD12A4266BDE990030D928 /* Persistence.swift */; };
		4AFD12A8266BDE990030D928 /* PizzaPalace.xcdatamodeld in Sources */ = {isa = PBXBuildFile; fileRef = 4AFD12A6266BDE990030D928 /* PizzaPalace.xcdatamodeld */; };
		4AFD12B3266BE2000030D928 /* Setup.swift in Sources */ = {isa = PBXBuildFile; fileRef = 4AFD12B2266BE2000030D928 /* Setup.swift */; };
		4AFD12B5266BE20D0030D928 /* Sales.swift in Sources */ = {isa = PBXBuildFile; fileRef = 4AFD12B4266BE20D0030D928 /* Sales.swift */; };
		4AFD12B7266C17900030D928 /* Customers.swift in Sources */ = {isa = PBXBuildFile; fileRef = 4AFD12B6266C17900030D928 /* Customers.swift */; };
		4AFD12B9266C17930030D928 /* CLDP.swift in Sources */ = {isa = PBXBuildFile; fileRef = 4AFD12B8266C17930030D928 /* CLDP.swift */; };
		4AFD12BB266C3E6A0030D928 /* ToobarItemPlacement.swift in Sources */ = {isa = PBXBuildFile; fileRef = 4AFD12BA266C3E6A0030D928 /* ToobarItemPlacement.swift */; };
		4AFD12BF266D988D0030D928 /* Orders.swift in Sources */ = {isa = PBXBuildFile; fileRef = 4AFD12BE266D988D0030D928 /* Orders.swift */; };
		4AFD12C1266D98A90030D928 /* Inventory.swift in Sources */ = {isa = PBXBuildFile; fileRef = 4AFD12C0266D98A90030D928 /* Inventory.swift */; };
		4AFD12C3266D98DD0030D928 /* Suppliers.swift in Sources */ = {isa = PBXBuildFile; fileRef = 4AFD12C2266D98DD0030D928 /* Suppliers.swift */; };
		4AFD12C5266D99840030D928 /* Reports.swift in Sources */ = {isa = PBXBuildFile; fileRef = 4AFD12C4266D99840030D928 /* Reports.swift */; };
/* End PBXBuildFile section */

/* Begin PBXFileReference section */
		4A40FEAC26724A5600631543 /* QuickMenu.swift */ = {isa = PBXFileReference; lastKnownFileType = sourcecode.swift; path = QuickMenu.swift; sourceTree = "<group>"; };
		4AFD1298266BDE970030D928 /* PizzaPalace.app */ = {isa = PBXFileReference; explicitFileType = wrapper.application; includeInIndex = 0; path = PizzaPalace.app; sourceTree = BUILT_PRODUCTS_DIR; };
		4AFD129B266BDE970030D928 /* PizzaPalaceApp.swift */ = {isa = PBXFileReference; lastKnownFileType = sourcecode.swift; path = PizzaPalaceApp.swift; sourceTree = "<group>"; };
		4AFD129D266BDE970030D928 /* Login.swift */ = {isa = PBXFileReference; lastKnownFileType = sourcecode.swift; path = Login.swift; sourceTree = "<group>"; };
		4AFD129F266BDE990030D928 /* Assets.xcassets */ = {isa = PBXFileReference; lastKnownFileType = folder.assetcatalog; path = Assets.xcassets; sourceTree = "<group>"; };
		4AFD12A2266BDE990030D928 /* Preview Assets.xcassets */ = {isa = PBXFileReference; lastKnownFileType = folder.assetcatalog; path = "Preview Assets.xcassets"; sourceTree = "<group>"; };
		4AFD12A4266BDE990030D928 /* Persistence.swift */ = {isa = PBXFileReference; lastKnownFileType = sourcecode.swift; path = Persistence.swift; sourceTree = "<group>"; };
		4AFD12A7266BDE990030D928 /* PizzaPalace.xcdatamodel */ = {isa = PBXFileReference; lastKnownFileType = wrapper.xcdatamodel; path = PizzaPalace.xcdatamodel; sourceTree = "<group>"; };
		4AFD12A9266BDE990030D928 /* Info.plist */ = {isa = PBXFileReference; lastKnownFileType = text.plist.xml; path = Info.plist; sourceTree = "<group>"; };
		4AFD12AA266BDE990030D928 /* PizzaPalace.entitlements */ = {isa = PBXFileReference; lastKnownFileType = text.plist.entitlements; path = PizzaPalace.entitlements; sourceTree = "<group>"; };
		4AFD12B2266BE2000030D928 /* Setup.swift */ = {isa = PBXFileReference; lastKnownFileType = sourcecode.swift; path = Setup.swift; sourceTree = "<group>"; };
		4AFD12B4266BE20D0030D928 /* Sales.swift */ = {isa = PBXFileReference; lastKnownFileType = sourcecode.swift; path = Sales.swift; sourceTree = "<group>"; };
		4AFD12B6266C17900030D928 /* Customers.swift */ = {isa = PBXFileReference; lastKnownFileType = sourcecode.swift; path = Customers.swift; sourceTree = "<group>"; };
		4AFD12B8266C17930030D928 /* CLDP.swift */ = {isa = PBXFileReference; lastKnownFileType = sourcecode.swift; path = CLDP.swift; sourceTree = "<group>"; };
		4AFD12BA266C3E6A0030D928 /* ToobarItemPlacement.swift */ = {isa = PBXFileReference; lastKnownFileType = sourcecode.swift; path = ToobarItemPlacement.swift; sourceTree = "<group>"; };
		4AFD12BE266D988D0030D928 /* Orders.swift */ = {isa = PBXFileReference; lastKnownFileType = sourcecode.swift; path = Orders.swift; sourceTree = "<group>"; };
		4AFD12C0266D98A90030D928 /* Inventory.swift */ = {isa = PBXFileReference; lastKnownFileType = sourcecode.swift; path = Inventory.swift; sourceTree = "<group>"; };
		4AFD12C2266D98DD0030D928 /* Suppliers.swift */ = {isa = PBXFileReference; lastKnownFileType = sourcecode.swift; path = Suppliers.swift; sourceTree = "<group>"; };
		4AFD12C4266D99840030D928 /* Reports.swift */ = {isa = PBXFileReference; lastKnownFileType = sourcecode.swift; path = Reports.swift; sourceTree = "<group>"; };
/* End PBXFileReference section */

/* Begin PBXFrameworksBuildPhase section */
		4AFD1295266BDE970030D928 /* Frameworks */ = {
			isa = PBXFrameworksBuildPhase;
			buildActionMask = 2147483647;
			files = (
			);
			runOnlyForDeploymentPostprocessing = 0;
		};
/* End PBXFrameworksBuildPhase section */

/* Begin PBXGroup section */
		4AFD128F266BDE970030D928 = {
			isa = PBXGroup;
			children = (
				4AFD129A266BDE970030D928 /* PizzaPalace */,
				4AFD1299266BDE970030D928 /* Products */,
			);
			sourceTree = "<group>";
		};
		4AFD1299266BDE970030D928 /* Products */ = {
			isa = PBXGroup;
			children = (
				4AFD1298266BDE970030D928 /* PizzaPalace.app */,
			);
			name = Products;
			sourceTree = "<group>";
		};
		4AFD129A266BDE970030D928 /* PizzaPalace */ = {
			isa = PBXGroup;
			children = (
				4AFD129B266BDE970030D928 /* PizzaPalaceApp.swift */,
				4AFD129D266BDE970030D928 /* Login.swift */,
				4AFD12B2266BE2000030D928 /* Setup.swift */,
				4AFD12B4266BE20D0030D928 /* Sales.swift */,
				4AFD12BE266D988D0030D928 /* Orders.swift */,
				4A40FEAC26724A5600631543 /* QuickMenu.swift */,
				4AFD12C4266D99840030D928 /* Reports.swift */,
				4AFD12B6266C17900030D928 /* Customers.swift */,
				4AFD12C0266D98A90030D928 /* Inventory.swift */,
				4AFD12B8266C17930030D928 /* CLDP.swift */,
				4AFD12C2266D98DD0030D928 /* Suppliers.swift */,
				4AFD129F266BDE990030D928 /* Assets.xcassets */,
				4AFD12A4266BDE990030D928 /* Persistence.swift */,
				4AFD12A9266BDE990030D928 /* Info.plist */,
				4AFD12AA266BDE990030D928 /* PizzaPalace.entitlements */,
				4AFD12A6266BDE990030D928 /* PizzaPalace.xcdatamodeld */,
				4AFD12A1266BDE990030D928 /* Preview Content */,
				4AFD12BA266C3E6A0030D928 /* ToobarItemPlacement.swift */,
			);
			path = PizzaPalace;
			sourceTree = "<group>";
		};
		4AFD12A1266BDE990030D928 /* Preview Content */ = {
			isa = PBXGroup;
			children = (
				4AFD12A2266BDE990030D928 /* Preview Assets.xcassets */,
			);
			path = "Preview Content";
			sourceTree = "<group>";
		};
/* End PBXGroup section */

/* Begin PBXNativeTarget section */
		4AFD1297266BDE970030D928 /* PizzaPalace */ = {
			isa = PBXNativeTarget;
			buildConfigurationList = 4AFD12AD266BDE990030D928 /* Build configuration list for PBXNativeTarget "PizzaPalace" */;
			buildPhases = (
				4AFD1294266BDE970030D928 /* Sources */,
				4AFD1295266BDE970030D928 /* Frameworks */,
				4AFD1296266BDE970030D928 /* Resources */,
			);
			buildRules = (
			);
			dependencies = (
			);
			name = PizzaPalace;
			productName = PizzaPalace;
			productReference = 4AFD1298266BDE970030D928 /* PizzaPalace.app */;
			productType = "com.apple.product-type.application";
		};
/* End PBXNativeTarget section */

/* Begin PBXProject section */
		4AFD1290266BDE970030D928 /* Project object */ = {
			isa = PBXProject;
			attributes = {
				LastSwiftUpdateCheck = 1250;
				LastUpgradeCheck = 1250;
				TargetAttributes = {
					4AFD1297266BDE970030D928 = {
						CreatedOnToolsVersion = 12.5;
					};
				};
			};
			buildConfigurationList = 4AFD1293266BDE970030D928 /* Build configuration list for PBXProject "PizzaPalace" */;
			compatibilityVersion = "Xcode 9.3";
			developmentRegion = en;
			hasScannedForEncodings = 0;
			knownRegions = (
				en,
				Base,
			);
			mainGroup = 4AFD128F266BDE970030D928;
			productRefGroup = 4AFD1299266BDE970030D928 /* Products */;
			projectDirPath = "";
			projectRoot = "";
			targets = (
				4AFD1297266BDE970030D928 /* PizzaPalace */,
			);
		};
/* End PBXProject section */

/* Begin PBXResourcesBuildPhase section */
		4AFD1296266BDE970030D928 /* Resources */ = {
			isa = PBXResourcesBuildPhase;
			buildActionMask = 2147483647;
			files = (
				4AFD12A3266BDE990030D928 /* Preview Assets.xcassets in Resources */,
				4AFD12A0266BDE990030D928 /* Assets.xcassets in Resources */,
			);
			runOnlyForDeploymentPostprocessing = 0;
		};
/* End PBXResourcesBuildPhase section */

/* Begin PBXSourcesBuildPhase section */
		4AFD1294266BDE970030D928 /* Sources */ = {
			isa = PBXSourcesBuildPhase;
			buildActionMask = 2147483647;
			files = (
				4AFD12C5266D99840030D928 /* Reports.swift in Sources */,
				4AFD12A8266BDE990030D928 /* PizzaPalace.xcdatamodeld in Sources */,
				4AFD12BB266C3E6A0030D928 /* ToobarItemPlacement.swift in Sources */,
				4AFD12C1266D98A90030D928 /* Inventory.swift in Sources */,
				4AFD12A5266BDE990030D928 /* Persistence.swift in Sources */,
				4AFD129E266BDE970030D928 /* Login.swift in Sources */,
				4AFD12B3266BE2000030D928 /* Setup.swift in Sources */,
				4AFD129C266BDE970030D928 /* PizzaPalaceApp.swift in Sources */,
				4AFD12B5266BE20D0030D928 /* Sales.swift in Sources */,
				4AFD12C3266D98DD0030D928 /* Suppliers.swift in Sources */,
				4AFD12BF266D988D0030D928 /* Orders.swift in Sources */,
				4AFD12B7266C17900030D928 /* Customers.swift in Sources */,
				4A40FEAD26724A5600631543 /* QuickMenu.swift in Sources */,
				4AFD12B9266C17930030D928 /* CLDP.swift in Sources */,
			);
			runOnlyForDeploymentPostprocessing = 0;
		};
/* End PBXSourcesBuildPhase section */

/* Begin XCBuildConfiguration section */
		4AFD12AB266BDE990030D928 /* Debug */ = {
			isa = XCBuildConfiguration;
			buildSettings = {
				ALWAYS_SEARCH_USER_PATHS = NO;
				CLANG_ANALYZER_NONNULL = YES;
				CLANG_ANALYZER_NUMBER_OBJECT_CONVERSION = YES_AGGRESSIVE;
				CLANG_CXX_LANGUAGE_STANDARD = "gnu++14";
				CLANG_CXX_LIBRARY = "libc++";
				CLANG_ENABLE_MODULES = YES;
				CLANG_ENABLE_OBJC_ARC = YES;
				CLANG_ENABLE_OBJC_WEAK = YES;
				CLANG_WARN_BLOCK_CAPTURE_AUTORELEASING = YES;
				CLANG_WARN_BOOL_CONVERSION = YES;
				CLANG_WARN_COMMA = YES;
				CLANG_WARN_CONSTANT_CONVERSION = YES;
				CLANG_WARN_DEPRECATED_OBJC_IMPLEMENTATIONS = YES;
				CLANG_WARN_DIRECT_OBJC_ISA_USAGE = YES_ERROR;
				CLANG_WARN_DOCUMENTATION_COMMENTS = YES;
				CLANG_WARN_EMPTY_BODY = YES;
				CLANG_WARN_ENUM_CONVERSION = YES;
				CLANG_WARN_INFINITE_RECURSION = YES;
				CLANG_WARN_INT_CONVERSION = YES;
				CLANG_WARN_NON_LITERAL_NULL_CONVERSION = YES;
				CLANG_WARN_OBJC_IMPLICIT_RETAIN_SELF = YES;
				CLANG_WARN_OBJC_LITERAL_CONVERSION = YES;
				CLANG_WARN_OBJC_ROOT_CLASS = YES_ERROR;
				CLANG_WARN_QUOTED_INCLUDE_IN_FRAMEWORK_HEADER = YES;
				CLANG_WARN_RANGE_LOOP_ANALYSIS = YES;
				CLANG_WARN_STRICT_PROTOTYPES = YES;
				CLANG_WARN_SUSPICIOUS_MOVE = YES;
				CLANG_WARN_UNGUARDED_AVAILABILITY = YES_AGGRESSIVE;
				CLANG_WARN_UNREACHABLE_CODE = YES;
				CLANG_WARN__DUPLICATE_METHOD_MATCH = YES;
				COPY_PHASE_STRIP = NO;
				DEBUG_INFORMATION_FORMAT = dwarf;
				ENABLE_STRICT_OBJC_MSGSEND = YES;
				ENABLE_TESTABILITY = YES;
				GCC_C_LANGUAGE_STANDARD = gnu11;
				GCC_DYNAMIC_NO_PIC = NO;
				GCC_NO_COMMON_BLOCKS = YES;
				GCC_OPTIMIZATION_LEVEL = 0;
				GCC_PREPROCESSOR_DEFINITIONS = (
					"DEBUG=1",
					"$(inherited)",
				);
				GCC_WARN_64_TO_32_BIT_CONVERSION = YES;
				GCC_WARN_ABOUT_RETURN_TYPE = YES_ERROR;
				GCC_WARN_UNDECLARED_SELECTOR = YES;
				GCC_WARN_UNINITIALIZED_AUTOS = YES_AGGRESSIVE;
				GCC_WARN_UNUSED_FUNCTION = YES;
				GCC_WARN_UNUSED_VARIABLE = YES;
				MACOSX_DEPLOYMENT_TARGET = 11.3;
				MTL_ENABLE_DEBUG_INFO = INCLUDE_SOURCE;
				MTL_FAST_MATH = YES;
				ONLY_ACTIVE_ARCH = YES;
				SDKROOT = macosx;
				SWIFT_ACTIVE_COMPILATION_CONDITIONS = DEBUG;
				SWIFT_OPTIMIZATION_LEVEL = "-Onone";
			};
			name = Debug;
		};
		4AFD12AC266BDE990030D928 /* Release */ = {
			isa = XCBuildConfiguration;
			buildSettings = {
				ALWAYS_SEARCH_USER_PATHS = NO;
				CLANG_ANALYZER_NONNULL = YES;
				CLANG_ANALYZER_NUMBER_OBJECT_CONVERSION = YES_AGGRESSIVE;
				CLANG_CXX_LANGUAGE_STANDARD = "gnu++14";
				CLANG_CXX_LIBRARY = "libc++";
				CLANG_ENABLE_MODULES = YES;
				CLANG_ENABLE_OBJC_ARC = YES;
				CLANG_ENABLE_OBJC_WEAK = YES;
				CLANG_WARN_BLOCK_CAPTURE_AUTORELEASING = YES;
				CLANG_WARN_BOOL_CONVERSION = YES;
				CLANG_WARN_COMMA = YES;
				CLANG_WARN_CONSTANT_CONVERSION = YES;
				CLANG_WARN_DEPRECATED_OBJC_IMPLEMENTATIONS = YES;
				CLANG_WARN_DIRECT_OBJC_ISA_USAGE = YES_ERROR;
				CLANG_WARN_DOCUMENTATION_COMMENTS = YES;
				CLANG_WARN_EMPTY_BODY = YES;
				CLANG_WARN_ENUM_CONVERSION = YES;
				CLANG_WARN_INFINITE_RECURSION = YES;
				CLANG_WARN_INT_CONVERSION = YES;
				CLANG_WARN_NON_LITERAL_NULL_CONVERSION = YES;
				CLANG_WARN_OBJC_IMPLICIT_RETAIN_SELF = YES;
				CLANG_WARN_OBJC_LITERAL_CONVERSION = YES;
				CLANG_WARN_OBJC_ROOT_CLASS = YES_ERROR;
				CLANG_WARN_QUOTED_INCLUDE_IN_FRAMEWORK_HEADER = YES;
				CLANG_WARN_RANGE_LOOP_ANALYSIS = YES;
				CLANG_WARN_STRICT_PROTOTYPES = YES;
				CLANG_WARN_SUSPICIOUS_MOVE = YES;
				CLANG_WARN_UNGUARDED_AVAILABILITY = YES_AGGRESSIVE;
				CLANG_WARN_UNREACHABLE_CODE = YES;
				CLANG_WARN__DUPLICATE_METHOD_MATCH = YES;
				COPY_PHASE_STRIP = NO;
				DEBUG_INFORMATION_FORMAT = "dwarf-with-dsym";
				ENABLE_NS_ASSERTIONS = NO;
				ENABLE_STRICT_OBJC_MSGSEND = YES;
				GCC_C_LANGUAGE_STANDARD = gnu11;
				GCC_NO_COMMON_BLOCKS = YES;
				GCC_WARN_64_TO_32_BIT_CONVERSION = YES;
				GCC_WARN_ABOUT_RETURN_TYPE = YES_ERROR;
				GCC_WARN_UNDECLARED_SELECTOR = YES;
				GCC_WARN_UNINITIALIZED_AUTOS = YES_AGGRESSIVE;
				GCC_WARN_UNUSED_FUNCTION = YES;
				GCC_WARN_UNUSED_VARIABLE = YES;
				MACOSX_DEPLOYMENT_TARGET = 11.3;
				MTL_ENABLE_DEBUG_INFO = NO;
				MTL_FAST_MATH = YES;
				SDKROOT = macosx;
				SWIFT_COMPILATION_MODE = wholemodule;
				SWIFT_OPTIMIZATION_LEVEL = "-O";
			};
			name = Release;
		};
		4AFD12AE266BDE990030D928 /* Debug */ = {
			isa = XCBuildConfiguration;
			buildSettings = {
				ASSETCATALOG_COMPILER_APPICON_NAME = AppIcon;
				ASSETCATALOG_COMPILER_GLOBAL_ACCENT_COLOR_NAME = AccentColor;
				CODE_SIGN_ENTITLEMENTS = PizzaPalace/PizzaPalace.entitlements;
				CODE_SIGN_STYLE = Automatic;
				COMBINE_HIDPI_IMAGES = YES;
				DEVELOPMENT_ASSET_PATHS = "\"PizzaPalace/Preview Content\"";
				DEVELOPMENT_TEAM = XW848M73T3;
				ENABLE_HARDENED_RUNTIME = YES;
				ENABLE_PREVIEWS = YES;
				INFOPLIST_FILE = PizzaPalace/Info.plist;
				LD_RUNPATH_SEARCH_PATHS = (
					"$(inherited)",
					"@executable_path/../Frameworks",
				);
				MACOSX_DEPLOYMENT_TARGET = 11.0;
				PRODUCT_BUNDLE_IDENTIFIER = ca.bcit.comp2831.PizzaPalace;
				PRODUCT_NAME = "$(TARGET_NAME)";
				SWIFT_VERSION = 5.0;
			};
			name = Debug;
		};
		4AFD12AF266BDE990030D928 /* Release */ = {
			isa = XCBuildConfiguration;
			buildSettings = {
				ASSETCATALOG_COMPILER_APPICON_NAME = AppIcon;
				ASSETCATALOG_COMPILER_GLOBAL_ACCENT_COLOR_NAME = AccentColor;
				CODE_SIGN_ENTITLEMENTS = PizzaPalace/PizzaPalace.entitlements;
				CODE_SIGN_STYLE = Automatic;
				COMBINE_HIDPI_IMAGES = YES;
				DEVELOPMENT_ASSET_PATHS = "\"PizzaPalace/Preview Content\"";
				DEVELOPMENT_TEAM = XW848M73T3;
				ENABLE_HARDENED_RUNTIME = YES;
				ENABLE_PREVIEWS = YES;
				INFOPLIST_FILE = PizzaPalace/Info.plist;
				LD_RUNPATH_SEARCH_PATHS = (
					"$(inherited)",
					"@executable_path/../Frameworks",
				);
				MACOSX_DEPLOYMENT_TARGET = 11.0;
				PRODUCT_BUNDLE_IDENTIFIER = ca.bcit.comp2831.PizzaPalace;
				PRODUCT_NAME = "$(TARGET_NAME)";
				SWIFT_VERSION = 5.0;
			};
			name = Release;
		};
/* End XCBuildConfiguration section */

/* Begin XCConfigurationList section */
		4AFD1293266BDE970030D928 /* Build configuration list for PBXProject "PizzaPalace" */ = {
			isa = XCConfigurationList;
			buildConfigurations = (
				4AFD12AB266BDE990030D928 /* Debug */,
				4AFD12AC266BDE990030D928 /* Release */,
			);
			defaultConfigurationIsVisible = 0;
			defaultConfigurationName = Release;
		};
		4AFD12AD266BDE990030D928 /* Build configuration list for PBXNativeTarget "PizzaPalace" */ = {
			isa = XCConfigurationList;
			buildConfigurations = (
				4AFD12AE266BDE990030D928 /* Debug */,
				4AFD12AF266BDE990030D928 /* Release */,
			);
			defaultConfigurationIsVisible = 0;
			defaultConfigurationName = Release;
		};
/* End XCConfigurationList section */

/* Begin XCVersionGroup section */
		4AFD12A6266BDE990030D928 /* PizzaPalace.xcdatamodeld */ = {
			isa = XCVersionGroup;
			children = (
				4AFD12A7266BDE990030D928 /* PizzaPalace.xcdatamodel */,
			);
			currentVersion = 4AFD12A7266BDE990030D928 /* PizzaPalace.xcdatamodel */;
			path = PizzaPalace.xcdatamodeld;
			sourceTree = "<group>";
			versionGroupType = wrapper.xcdatamodel;
		};
/* End XCVersionGroup section */
	};
	rootObject = 4AFD1290266BDE970030D928 /* Project object */;
}
